
Microsoft Visual Studio Solution File, Format Version 12.00
# Visual Studio 15
VisualStudioVersion = 15.0.28010.2041
MinimumVisualStudioVersion = 10.0.40219.1
Project("{FAE04EC0-301F-11D3-BF4B-00C04F79EFBC}") = "GitViewTest", "GitViewTest\GitViewTest.csproj", "{6AA97B40-2B6B-4FD2-8B0E-E3002B1BCEA2}"
EndProject
Global
	GlobalSection(SolutionConfigurationPlatforms) = preSolution
		Debug|Any CPU = Debug|Any CPU
		Release|Any CPU = Release|Any CPU
	EndGlobalSection
	GlobalSection(ProjectConfigurationPlatforms) = postSolution
		{6AA97B40-2B6B-4FD2-8B0E-E3002B1BCEA2}.Debug|Any CPU.ActiveCfg = Debug|Any CPU
		{6AA97B40-2B6B-4FD2-8B0E-E3002B1BCEA2}.Debug|Any CPU.Build.0 = Debug|Any CPU
		{6AA97B40-2B6B-4FD2-8B0E-E3002B1BCEA2}.Release|Any CPU.ActiveCfg = Release|Any CPU
		{6AA97B40-2B6B-4FD2-8B0E-E3002B1BCEA2}.Release|Any CPU.Build.0 = Release|Any CPU
	EndGlobalSection
	GlobalSection(SolutionProperties) = preSolution
		HideSolutionNode = FALSE
	EndGlobalSection
	GlobalSection(ExtensibilityGlobals) = postSolution
		SolutionGuid = {7C56B137-700D-47FA-A7DD-EB130733E69D}
	EndGlobalSection
EndGlobal
